{
  "requires": true,
  "lockfileVersion": 1,
  "dependencies": {
    "colors": {
      "version": "0.6.2",
      "resolved": "https://registry.npmjs.org/colors/-/colors-0.6.2.tgz",
      "integrity": "sha1-JCP+ZnisDF2uiFLl0OW+CMmXq8w="
    },
    "compilex": {
      "version": "0.7.4",
      "resolved": "https://registry.npmjs.org/compilex/-/compilex-0.7.4.tgz",
      "integrity": "sha1-XLSHythDLAKa3MWx8p7IaXdxGAo=",
      "requires": {
        "colors": "0.6.2",
        "cuid": "1.2.5"
      }
    },
    "cuid": {
      "version": "1.2.5",
      "resolved": "https://registry.npmjs.org/cuid/-/cuid-1.2.5.tgz",
      "integrity": "sha1-SzYXaYf5BjzgXuCTTonM7kud6KY="
    }
  }
}
